
Microsoft Visual Studio Solution File, Format Version 12.00
# Visual Studio Version 16
VisualStudioVersion = 16.0.30611.23
MinimumVisualStudioVersion = 10.0.40219.1
Project("{FAE04EC0-301F-11D3-BF4B-00C04F79EFBC}") = "Inlamning_3_ra_kod", "Inlamning_3_ra_kod.csproj", "{DCDCB4FE-4FAC-4B8E-8022-28CE1014D873}"
EndProject
Global
	GlobalSection(SolutionConfigurationPlatforms) = preSolution
		Debug|Any CPU = Debug|Any CPU
		Release|Any CPU = Release|Any CPU
	EndGlobalSection
	GlobalSection(ProjectConfigurationPlatforms) = postSolution
		{DCDCB4FE-4FAC-4B8E-8022-28CE1014D873}.Debug|Any CPU.ActiveCfg = Debug|Any CPU
		{DCDCB4FE-4FAC-4B8E-8022-28CE1014D873}.Debug|Any CPU.Build.0 = Debug|Any CPU
		{DCDCB4FE-4FAC-4B8E-8022-28CE1014D873}.Release|Any CPU.ActiveCfg = Release|Any CPU
		{DCDCB4FE-4FAC-4B8E-8022-28CE1014D873}.Release|Any CPU.Build.0 = Release|Any CPU
	EndGlobalSection
	GlobalSection(SolutionProperties) = preSolution
		HideSolutionNode = FALSE
	EndGlobalSection
	GlobalSection(ExtensibilityGlobals) = postSolution
		SolutionGuid = {445A9E96-E0DE-4119-8B7A-CB5ABB1FEA99}
	EndGlobalSection
EndGlobal
